lockfileVersion: '6.0'

dependencies:
  '@discordjs/rest':
    specifier: ^2.0.0
    version: 2.0.1
  '@napi-rs/canvas':
    specifier: ^0.1.44
    version: 0.1.44
  '@sentry/node':
    specifier: ^7.69.0
    version: 7.69.0
  '@top-gg/sdk':
    specifier: ^3.1.5
    version: 3.1.6
  axios:
    specifier: ^1.3.4
    version: 1.5.0
  chalk-advanced:
    specifier: ^1.0.3
    version: 1.0.7
  cron:
    specifier: ^2.4.3
    version: 2.4.3
  cryptr:
    specifier: ^6.2.0
    version: 6.3.0
  discord-api-types:
    specifier: ^0.37.56
    version: 0.37.56
  discord-hybrid-sharding:
    specifier: ^2.1.3
    version: 2.1.3
  discord.js:
    specifier: ^14.13.0
    version: 14.13.0
  dotenv:
    specifier: ^16.0.3
    version: 16.3.1
  express:
    specifier: ^4.18.1
    version: 4.18.2
  moment-timezone:
    specifier: ^0.5.43
    version: 0.5.43
  mongoose:
    specifier: ^7.5.0
    version: 7.5.1
  profanity-check:
    specifier: ^0.0.3
    version: 0.0.3
  quickchart-js:
    specifier: ^3.1.3
    version: 3.1.3
  topgg-autoposter:
    specifier: ^2.0.1
    version: 2.0.1
  uuid:
    specifier: ^9.0.0
    version: 9.0.1

devDependencies:
  nodemon:
    specifier: 3.0.1
    version: 3.0.1
  prettier:
    specifier: ^3.0.2
    version: 3.0.3

packages:

  /@discordjs/builders@1.6.5:
    resolution: {integrity: sha512-SdweyCs/+mHj+PNhGLLle7RrRFX9ZAhzynHahMCLqp5Zeq7np7XC6/mgzHc79QoVlQ1zZtOkTTiJpOZu5V8Ufg==}
    engines: {node: '>=16.11.0'}
    dependencies:
      '@discordjs/formatters': 0.3.2
      '@discordjs/util': 1.0.1
      '@sapphire/shapeshift': 3.9.2
      discord-api-types: 0.37.50
      fast-deep-equal: 3.1.3
      ts-mixer: 6.0.3
      tslib: 2.6.2
    dev: false

  /@discordjs/collection@1.5.3:
    resolution: {integrity: sha512-SVb428OMd3WO1paV3rm6tSjM4wC+Kecaa1EUGX7vc6/fddvw/6lg90z4QtCqm21zvVe92vMMDt9+DkIvjXImQQ==}
    engines: {node: '>=16.11.0'}
    dev: false

  /@discordjs/formatters@0.3.2:
    resolution: {integrity: sha512-lE++JZK8LSSDRM5nLjhuvWhGuKiXqu+JZ/DsOR89DVVia3z9fdCJVcHF2W/1Zxgq0re7kCzmAJlCMMX3tetKpA==}
    engines: {node: '>=16.11.0'}
    dependencies:
      discord-api-types: 0.37.50
    dev: false

  /@discordjs/rest@2.0.1:
    resolution: {integrity: sha512-/eWAdDRvwX/rIE2tuQUmKaxmWeHmGealttIzGzlYfI4+a7y9b6ZoMp8BG/jaohs8D8iEnCNYaZiOFLVFLQb8Zg==}
    engines: {node: '>=16.11.0'}
    dependencies:
      '@discordjs/collection': 1.5.3
      '@discordjs/util': 1.0.1
      '@sapphire/async-queue': 1.5.0
      '@sapphire/snowflake': 3.5.1
      '@vladfrangu/async_event_emitter': 2.2.2
      discord-api-types: 0.37.50
      magic-bytes.js: 1.0.17
      tslib: 2.6.2
      undici: 5.22.1
    dev: false

  /@discordjs/util@1.0.1:
    resolution: {integrity: sha512-d0N2yCxB8r4bn00/hvFZwM7goDcUhtViC5un4hPj73Ba4yrChLSJD8fy7Ps5jpTLg1fE9n4K0xBLc1y9WGwSsA==}
    engines: {node: '>=16.11.0'}
    dev: false

  /@discordjs/ws@1.0.1:
    resolution: {integrity: sha512-avvAolBqN3yrSvdBPcJ/0j2g42ABzrv3PEL76e3YTp2WYMGH7cuspkjfSyNWaqYl1J+669dlLp+YFMxSVQyS5g==}
    engines: {node: '>=16.11.0'}
    dependencies:
      '@discordjs/collection': 1.5.3
      '@discordjs/rest': 2.0.1
      '@discordjs/util': 1.0.1
      '@sapphire/async-queue': 1.5.0
      '@types/ws': 8.5.5
      '@vladfrangu/async_event_emitter': 2.2.2
      discord-api-types: 0.37.50
      tslib: 2.6.2
      ws: 8.14.1
    transitivePeerDependencies:
      - bufferutil
      - utf-8-validate
    dev: false

  /@jpbberry/typed-emitter@1.2.1:
    resolution: {integrity: sha512-XTYlVkcj329NNQfo+Fcix/ZcTQHn0F+5gt2lJvI5rBeulT+tq0uzeIIk3oAlwJg7GT9u4mqG0bNLq/kqKXxf4Q==}
    dev: false

  /@mongodb-js/saslprep@1.1.0:
    resolution: {integrity: sha512-Xfijy7HvfzzqiOAhAepF4SGN5e9leLkMvg/OPOF97XemjfVCYN/oWa75wnkc6mltMSTwY+XlbhWgUOJmkFspSw==}
    requiresBuild: true
    dependencies:
      sparse-bitfield: 3.0.3
    dev: false
    optional: true

  /@napi-rs/canvas-android-arm64@0.1.44:
    resolution: {integrity: sha512-3UDlVf1CnibdUcM0+0xPH4L4/d/tCI895or0y7mr/Xlaa1tDmvcQCvBYl9G54IpXsm+e4T1XkVrGGJD4k1NfSg==}
    engines: {node: '>= 10'}
    cpu: [arm64]
    os: [android]
    requiresBuild: true
    dev: false
    optional: true

  /@napi-rs/canvas-darwin-arm64@0.1.44:
    resolution: {integrity: sha512-Y1Yx0H45Iicx2b6pcrlICjlwgylLtqi0t5OJgeUXnxLcJ1+aEpmjLr16tddqHkmGUw/nBRAwfPJrf3GaOwWowQ==}
    engines: {node: '>= 10'}
    cpu: [arm64]
    os: [darwin]
    requiresBuild: true
    dev: false
    optional: true

  /@napi-rs/canvas-darwin-x64@0.1.44:
    resolution: {integrity: sha512-gbzeNz13DFH0Ak5ENyQ5ZEuSuCjNDxA/OV9P5f19lywbOVL5Ol+qgKX0BXBcP3O3IXWahruOvmmLUBn9h1MHpA==}
    engines: {node: '>= 10'}
    cpu: [x64]
    os: [darwin]
    requiresBuild: true
    dev: false
    optional: true

  /@napi-rs/canvas-linux-arm-gnueabihf@0.1.44:
    resolution: {integrity: sha512-Sad3/eGyzTZiyJFeFrmX1M3aRp0n3qTAXeCm6EeAjCFGk8TWd4cINCGT3IRY4wmCvNnpe6C4fM03K07cU5YYwA==}
    engines: {node: '>= 10'}
    cpu: [arm]
    os: [linux]
    requiresBuild: true
    dev: false
    optional: true

  /@napi-rs/canvas-linux-arm64-gnu@0.1.44:
    resolution: {integrity: sha512-bCrI9naYGPRFHePMGN+wlrWzC+Swi6uc1YzFg4/wOYzHKSte8FXHrGspHOPPr12BCEmgg3yXK8nnLjxGdlAWtg==}
    engines: {node: '>= 10'}
    cpu: [arm64]
    os: [linux]
    requiresBuild: true
    dev: false
    optional: true

  /@napi-rs/canvas-linux-arm64-musl@0.1.44:
    resolution: {integrity: sha512-gB/ao9zBQaOJik4arOKJisZaG+v7DuyBW7UdG+0L80msAuJTTH2UgWOnmXfZwPxzxNbFKzOa8r48uVzfTaAHGQ==}
    engines: {node: '>= 10'}
    cpu: [arm64]
    os: [linux]
    requiresBuild: true
    dev: false
    optional: true

  /@napi-rs/canvas-linux-x64-gnu@0.1.44:
    resolution: {integrity: sha512-pvHy1bJ0DDD4Bsx6yuFnqpIyBW7+2iIK5BpvmL36zXE+7w2MEeaYzLUWTBhrXj8rzHys6MwLmHNlkw65R80YbQ==}
    engines: {node: '>= 10'}
    cpu: [x64]
    os: [linux]
    requiresBuild: true
    dev: false
    optional: true

  /@napi-rs/canvas-linux-x64-musl@0.1.44:
    resolution: {integrity: sha512-5QaeYqNZ/u1QI2E/UqvnmuORT6cI1qTtLosPp/y4awaK+/LXQEzotHNv0nan0z4EV/0mXsJswY9JpISRJzx+Kw==}
    engines: {node: '>= 10'}
    cpu: [x64]
    os: [linux]
    requiresBuild: true
    dev: false
    optional: true

  /@napi-rs/canvas-win32-x64-msvc@0.1.44:
    resolution: {integrity: sha512-pbeTGLox+I+sMVl/FFO21Xvp0PhijsuEr9gaynmN2X7FPTg+CCuuBDhfSU5iMAtcCCYFCk8ridZIWy5jkcf72w==}
    engines: {node: '>= 10'}
    cpu: [x64]
    os: [win32]
    requiresBuild: true
    dev: false
    optional: true

  /@napi-rs/canvas@0.1.44:
    resolution: {integrity: sha512-IyhSndjw29LR1WqkUZvTJI4j8Ve1QGbZYtpdQjJjcFvsvJS4/WHzOWV8ZciLPJBhrYvSQf/JbZJy5LHmFV+plg==}
    engines: {node: '>= 10'}
    optionalDependencies:
      '@napi-rs/canvas-android-arm64': 0.1.44
      '@napi-rs/canvas-darwin-arm64': 0.1.44
      '@napi-rs/canvas-darwin-x64': 0.1.44
      '@napi-rs/canvas-linux-arm-gnueabihf': 0.1.44
      '@napi-rs/canvas-linux-arm64-gnu': 0.1.44
      '@napi-rs/canvas-linux-arm64-musl': 0.1.44
      '@napi-rs/canvas-linux-x64-gnu': 0.1.44
      '@napi-rs/canvas-linux-x64-musl': 0.1.44
      '@napi-rs/canvas-win32-x64-msvc': 0.1.44
    dev: false

  /@sapphire/async-queue@1.5.0:
    resolution: {integrity: sha512-JkLdIsP8fPAdh9ZZjrbHWR/+mZj0wvKS5ICibcLrRI1j84UmLMshx5n9QmL8b95d4onJ2xxiyugTgSAX7AalmA==}
    engines: {node: '>=v14.0.0', npm: '>=7.0.0'}
    dev: false

  /@sapphire/shapeshift@3.9.2:
    resolution: {integrity: sha512-YRbCXWy969oGIdqR/wha62eX8GNHsvyYi0Rfd4rNW6tSVVa8p0ELiMEuOH/k8rgtvRoM+EMV7Csqz77YdwiDpA==}
    engines: {node: '>=v14.0.0', npm: '>=7.0.0'}
    dependencies:
      fast-deep-equal: 3.1.3
      lodash: 4.17.21
    dev: false

  /@sapphire/snowflake@3.5.1:
    resolution: {integrity: sha512-BxcYGzgEsdlG0dKAyOm0ehLGm2CafIrfQTZGWgkfKYbj+pNNsorZ7EotuZukc2MT70E0UbppVbtpBrqpzVzjNA==}
    engines: {node: '>=v14.0.0', npm: '>=7.0.0'}
    dev: false

  /@sentry-internal/tracing@7.69.0:
    resolution: {integrity: sha512-4BgeWZUj9MO6IgfO93C9ocP3+AdngqujF/+zB2rFdUe+y9S6koDyUC7jr9Knds/0Ta72N/0D6PwhgSCpHK8s0Q==}
    engines: {node: '>=8'}
    dependencies:
      '@sentry/core': 7.69.0
      '@sentry/types': 7.69.0
      '@sentry/utils': 7.69.0
      tslib: 2.6.2
    dev: false

  /@sentry/core@7.69.0:
    resolution: {integrity: sha512-V6jvK2lS8bhqZDMFUtvwe2XvNstFQf5A+2LMKCNBOV/NN6eSAAd6THwEpginabjet9dHsNRmMk7WNKvrUfQhZw==}
    engines: {node: '>=8'}
    dependencies:
      '@sentry/types': 7.69.0
      '@sentry/utils': 7.69.0
      tslib: 2.6.2
    dev: false

  /@sentry/node@7.69.0:
    resolution: {integrity: sha512-T0NgPcmDQvEuz5hy6aEhXghTHHTWsiP3IWoeEAakDBHAXmtpT6lYFQZgb5AiEOt9F5KO/G/1yH3YYdpDAnKhPw==}
    engines: {node: '>=8'}
    dependencies:
      '@sentry-internal/tracing': 7.69.0
      '@sentry/core': 7.69.0
      '@sentry/types': 7.69.0
      '@sentry/utils': 7.69.0
      cookie: 0.4.2
      https-proxy-agent: 5.0.1
      lru_map: 0.3.3
      tslib: 2.6.2
    transitivePeerDependencies:
      - supports-color
    dev: false

  /@sentry/types@7.69.0:
    resolution: {integrity: sha512-zPyCox0mzitzU6SIa1KIbNoJAInYDdUpdiA+PoUmMn2hFMH1llGU/cS7f4w/mAsssTlbtlBi72RMnWUCy578bw==}
    engines: {node: '>=8'}
    dev: false

  /@sentry/utils@7.69.0:
    resolution: {integrity: sha512-4eBixe5Y+0EGVU95R4NxH3jkkjtkE4/CmSZD4In8SCkWGSauogePtq6hyiLsZuP1QHdpPb9Kt0+zYiBb2LouBA==}
    engines: {node: '>=8'}
    dependencies:
      '@sentry/types': 7.69.0
      tslib: 2.6.2
    dev: false

  /@top-gg/sdk@3.1.6:
    resolution: {integrity: sha512-qWWYDKAwJHaKaA/5EyLYMzfR76MwCbmKVMSXTPMd9FZFPHuLWJHO+m7Q8dWpWtcnunHa6evRAwlB3p83cht7Ww==}
    dependencies:
      raw-body: 2.5.2
      undici: 5.24.0
    dev: false

  /@types/luxon@3.3.2:
    resolution: {integrity: sha512-l5cpE57br4BIjK+9BSkFBOsWtwv6J9bJpC7gdXIzZyI0vuKvNTk0wZZrkQxMGsUAuGW9+WMNWF2IJMD7br2yeQ==}
    dev: false

  /@types/node@20.6.1:
    resolution: {integrity: sha512-4LcJvuXQlv4lTHnxwyHQZ3uR9Zw2j7m1C9DfuwoTFQQP4Pmu04O6IfLYgMmHoOCt0nosItLLZAH+sOrRE0Bo8g==}
    dev: false

  /@types/webidl-conversions@7.0.0:
    resolution: {integrity: sha512-xTE1E+YF4aWPJJeUzaZI5DRntlkY3+BCVJi0axFptnjGmAoWxkyREIh/XMrfxVLejwQxMCfDXdICo0VLxThrog==}
    dev: false

  /@types/whatwg-url@8.2.2:
    resolution: {integrity: sha512-FtQu10RWgn3D9U4aazdwIE2yzphmTJREDqNdODHrbrZmmMqI0vMheC/6NE/J1Yveaj8H+ela+YwWTjq5PGmuhA==}
    dependencies:
      '@types/node': 20.6.1
      '@types/webidl-conversions': 7.0.0
    dev: false

  /@types/ws@8.5.5:
    resolution: {integrity: sha512-lwhs8hktwxSjf9UaZ9tG5M03PGogvFaH8gUgLNbN9HKIg0dvv6q+gkSuJ8HN4/VbyxkuLzCjlN7GquQ0gUJfIg==}
    dependencies:
      '@types/node': 20.6.1
    dev: false

  /@vladfrangu/async_event_emitter@2.2.2:
    resolution: {integrity: sha512-HIzRG7sy88UZjBJamssEczH5q7t5+axva19UbZLO6u0ySbYPrwzWiXBcC0WuHyhKKoeCyneH+FvYzKQq/zTtkQ==}
    engines: {node: '>=v14.0.0', npm: '>=7.0.0'}
    dev: false

  /abbrev@1.1.1:
    resolution: {integrity: sha512-nne9/IiQ/hzIhY6pdDnbBtz7DjPTKrY00P/zvPSm5pOFkl6xuGrGnXn/VtTNNfNtAfZ9/1RtehkszU9qcTii0Q==}
    dev: true

  /accepts@1.3.8:
    resolution: {integrity: sha512-PYAthTa2m2VKxuvSD3DPC/Gy+U+sOA1LAuT8mkmRuvw+NACSaeXEQ+NHcVF7rONl6qcaxV3Uuemwawk+7+SJLw==}
    engines: {node: '>= 0.6'}
    dependencies:
      mime-types: 2.1.35
      negotiator: 0.6.3
    dev: false

  /agent-base@6.0.2:
    resolution: {integrity: sha512-RZNwNclF7+MS/8bDg70amg32dyeZGZxiDuQmZxKLAlQjr3jGyLx+4Kkk58UO7D2QdgFIQCovuSuZESne6RG6XQ==}
    engines: {node: '>= 6.0.0'}
    dependencies:
      debug: 4.3.4
    transitivePeerDependencies:
      - supports-color
    dev: false

  /anymatch@3.1.3:
    resolution: {integrity: sha512-KMReFUr0B4t+D+OBkjR3KYqvocp2XaSzO55UcB6mgQMd3KbcE+mWTyvVV7D/zsdEbNnV6acZUutkiHQXvTr1Rw==}
    engines: {node: '>= 8'}
    dependencies:
      normalize-path: 3.0.0
      picomatch: 2.3.1
    dev: true

  /array-flatten@1.1.1:
    resolution: {integrity: sha512-PCVAQswWemu6UdxsDFFX/+gVeYqKAod3D3UVm91jHwynguOwAvYPhx8nNlM++NqRcK6CxxpUafjmhIdKiHibqg==}
    dev: false

  /asynckit@0.4.0:
    resolution: {integrity: sha512-Oei9OH4tRh0YqU3GxhX79dM/mwVgvbZJaSNaRk+bshkj0S5cfHcgYakreBjrHwatXKbz+IoIdYLxrKim2MjW0Q==}
    dev: false

  /axios@1.5.0:
    resolution: {integrity: sha512-D4DdjDo5CY50Qms0qGQTTw6Q44jl7zRwY7bthds06pUGfChBCTcQs+N743eFWGEd6pRTMd6A+I87aWyFV5wiZQ==}
    dependencies:
      follow-redirects: 1.15.2
      form-data: 4.0.0
      proxy-from-env: 1.1.0
    transitivePeerDependencies:
      - debug
    dev: false

  /balanced-match@1.0.2:
    resolution: {integrity: sha512-3oSeUO0TMV67hN1AmbXsK4yaqU7tjiHlbxRDZOpH0KW9+CeX4bRAaX0Anxt0tx2MrpRpWwQaPwIlISEJhYU5Pw==}
    dev: true

  /binary-extensions@2.2.0:
    resolution: {integrity: sha512-jDctJ/IVQbZoJykoeHbhXpOlNBqGNcwXJKJog42E5HDPUwQTSdjCHdihjj0DlnheQ7blbT6dHOafNAiS8ooQKA==}
    engines: {node: '>=8'}
    dev: true

  /body-parser@1.20.1:
    resolution: {integrity: sha512-jWi7abTbYwajOytWCQc37VulmWiRae5RyTpaCyDcS5/lMdtwSz5lOpDE67srw/HYe35f1z3fDQw+3txg7gNtWw==}
    engines: {node: '>= 0.8', npm: 1.2.8000 || >= 1.4.16}
    dependencies:
      bytes: 3.1.2
      content-type: 1.0.5
      debug: 2.6.9
      depd: 2.0.0
      destroy: 1.2.0
      http-errors: 2.0.0
      iconv-lite: 0.4.24
      on-finished: 2.4.1
      qs: 6.11.0
      raw-body: 2.5.1
      type-is: 1.6.18
      unpipe: 1.0.0
    transitivePeerDependencies:
      - supports-color
    dev: false

  /brace-expansion@1.1.11:
    resolution: {integrity: sha512-iCuPHDFgrHX7H2vEI/5xpz07zSHB00TpugqhmYtVmMO6518mCuRMoOYFldEBl0g187ufozdaHgWKcYFb61qGiA==}
    dependencies:
      balanced-match: 1.0.2
      concat-map: 0.0.1
    dev: true

  /braces@3.0.2:
    resolution: {integrity: sha512-b8um+L1RzM3WDSzvhm6gIz1yfTbBt6YTlcEKAvsmqCZZFw46z626lVj9j1yEPW33H5H+lBQpZMP1k8l+78Ha0A==}
    engines: {node: '>=8'}
    dependencies:
      fill-range: 7.0.1
    dev: true

  /bson@5.5.0:
    resolution: {integrity: sha512-B+QB4YmDx9RStKv8LLSl/aVIEV3nYJc3cJNNTK2Cd1TL+7P+cNpw9mAPeCgc5K+j01Dv6sxUzcITXDx7ZU3F0w==}
    engines: {node: '>=14.20.1'}
    dev: false

  /busboy@1.6.0:
    resolution: {integrity: sha512-8SFQbg/0hQ9xy3UNTB0YEnsNBbWfhf7RtnzpL7TkBiTBRfrQ9Fxcnz7VJsleJpyp6rVLvXiuORqjlHi5q+PYuA==}
    engines: {node: '>=10.16.0'}
    dependencies:
      streamsearch: 1.1.0
    dev: false

  /bytes@3.1.2:
    resolution: {integrity: sha512-/Nf7TyzTx6S3yRJObOAV7956r8cr2+Oj8AC5dt8wSP3BQAoeX58NoHyCU8P8zGkNXStjTSi6fzO6F0pBdcYbEg==}
    engines: {node: '>= 0.8'}
    dev: false

  /call-bind@1.0.2:
    resolution: {integrity: sha512-7O+FbCihrB5WGbFYesctwmTKae6rOiIzmz1icreWJ+0aA7LJfuqhEso2T9ncpcFtzMQtzXf2QGGueWJGTYsqrA==}
    dependencies:
      function-bind: 1.1.1
      get-intrinsic: 1.2.1
    dev: false

  /chalk-advanced@1.0.7:
    resolution: {integrity: sha512-AxYlvmX+vnDas35hKRInHxHMaUNyOlY2OKywpr8U7CQITSEymbEZtV/kWnV/MJqNXae6vDoKdgGExdaXe8cusQ==}
    dev: false

  /chokidar@3.5.3:
    resolution: {integrity: sha512-Dr3sfKRP6oTcjf2JmUmFJfeVMvXBdegxB0iVQ5eb2V10uFJUCAS8OByZdVAyVb8xXNz3GjjTgj9kLWsZTqE6kw==}
    engines: {node: '>= 8.10.0'}
    dependencies:
      anymatch: 3.1.3
      braces: 3.0.2
      glob-parent: 5.1.2
      is-binary-path: 2.1.0
      is-glob: 4.0.3
      normalize-path: 3.0.0
      readdirp: 3.6.0
    optionalDependencies:
      fsevents: 2.3.3
    dev: true

  /combined-stream@1.0.8:
    resolution: {integrity: sha512-FQN4MRfuJeHf7cBbBMJFXhKSDq+2kAArBlmRBvcvFE5BB1HZKXtSFASDhdlz9zOYwxh8lDdnvmMOe/+5cdoEdg==}
    engines: {node: '>= 0.8'}
    dependencies:
      delayed-stream: 1.0.0
    dev: false

  /concat-map@0.0.1:
    resolution: {integrity: sha512-/Srv4dswyQNBfohGpz9o6Yb3Gz3SrUDqBH5rTuhGR7ahtlbYKnVxw2bCFMRljaA7EXHaXZ8wsHdodFvbkhKmqg==}
    dev: true

  /content-disposition@0.5.4:
    resolution: {integrity: sha512-FveZTNuGw04cxlAiWbzi6zTAL/lhehaWbTtgluJh4/E95DqMwTmha3KZN1aAWA8cFIhHzMZUvLevkw5Rqk+tSQ==}
    engines: {node: '>= 0.6'}
    dependencies:
      safe-buffer: 5.2.1
    dev: false

  /content-type@1.0.5:
    resolution: {integrity: sha512-nTjqfcBFEipKdXCv4YDQWCfmcLZKm81ldF0pAopTvyrFGVbcR6P/VAAd5G7N+0tTr8QqiU0tFadD6FK4NtJwOA==}
    engines: {node: '>= 0.6'}
    dev: false

  /cookie-signature@1.0.6:
    resolution: {integrity: sha512-QADzlaHc8icV8I7vbaJXJwod9HWYp8uCqf1xa4OfNu1T7JVxQIrUgOWtHdNDtPiywmFbiS12VjotIXLrKM3orQ==}
    dev: false

  /cookie@0.4.2:
    resolution: {integrity: sha512-aSWTXFzaKWkvHO1Ny/s+ePFpvKsPnjc551iI41v3ny/ow6tBG5Vd+FuqGNhh1LxOmVzOlGUriIlOaokOvhaStA==}
    engines: {node: '>= 0.6'}
    dev: false

  /cookie@0.5.0:
    resolution: {integrity: sha512-YZ3GUyn/o8gfKJlnlX7g7xq4gyO6OSuhGPKaaGssGB2qgDUS0gPgtTvoyZLTt9Ab6dC4hfc9dV5arkvc/OCmrw==}
    engines: {node: '>= 0.6'}
    dev: false

  /cron@2.4.3:
    resolution: {integrity: sha512-YBvExkQYF7w0PxyeFLRyr817YVDhGxaCi5/uRRMqa4aWD3IFKRd+uNbpW1VWMdqQy8PZ7CElc+accXJcauPKzQ==}
    dependencies:
      '@types/luxon': 3.3.2
      luxon: 3.3.0
    dev: false

  /cross-fetch@3.1.8:
    resolution: {integrity: sha512-cvA+JwZoU0Xq+h6WkMvAUqPEYy92Obet6UdKLfW60qn99ftItKjB5T+BkyWOFWe2pUyfQ+IJHmpOTznqk1M6Kg==}
    dependencies:
      node-fetch: 2.7.0
    transitivePeerDependencies:
      - encoding
    dev: false

  /cryptr@6.3.0:
    resolution: {integrity: sha512-TA4byAuorT8qooU9H8YJhBwnqD151i1rcauHfJ3Divg6HmukHB2AYMp0hmjv2873J2alr4t15QqC7zAnWFrtfQ==}
    dev: false

  /debug@2.6.9:
    resolution: {integrity: sha512-bC7ElrdJaJnPbAP+1EotYvqZsb3ecl5wi6Bfi6BJTUcNowp6cvspg0jXznRTKDjm/E7AdgFBVeAPVMNcKGsHMA==}
    peerDependencies:
      supports-color: '*'
    peerDependenciesMeta:
      supports-color:
        optional: true
    dependencies:
      ms: 2.0.0
    dev: false

  /debug@3.2.7(supports-color@5.5.0):
    resolution: {integrity: sha512-CFjzYYAi4ThfiQvizrFQevTTXHtnCqWfe7x1AhgEscTz6ZbLbfoLRLPugTQyBth6f8ZERVUSyWHFD/7Wu4t1XQ==}
    peerDependencies:
      supports-color: '*'
    peerDependenciesMeta:
      supports-color:
        optional: true
    dependencies:
      ms: 2.1.3
      supports-color: 5.5.0
    dev: true

  /debug@4.3.4:
    resolution: {integrity: sha512-PRWFHuSU3eDtQJPvnNY7Jcket1j0t5OuOsFzPPzsekD52Zl8qUfFIPEiswXqIvHWGVHOgX+7G/vCNNhehwxfkQ==}
    engines: {node: '>=6.0'}
    peerDependencies:
      supports-color: '*'
    peerDependenciesMeta:
      supports-color:
        optional: true
    dependencies:
      ms: 2.1.2
    dev: false

  /delayed-stream@1.0.0:
    resolution: {integrity: sha512-ZySD7Nf91aLB0RxL4KGrKHBXl7Eds1DAmEdcoVawXnLD7SDhpNgtuII2aAkg7a7QS41jxPSZ17p4VdGnMHk3MQ==}
    engines: {node: '>=0.4.0'}
    dev: false

  /depd@2.0.0:
    resolution: {integrity: sha512-g7nH6P6dyDioJogAAGprGpCtVImJhpPk/roCzdb3fIh61/s/nPsfR6onyMwkCAR/OlC3yBC0lESvUoQEAssIrw==}
    engines: {node: '>= 0.8'}
    dev: false

  /destroy@1.2.0:
    resolution: {integrity: sha512-2sJGJTaXIIaR1w4iJSNoN0hnMY7Gpc/n8D4qSCJw8QqFWXf7cuAgnEHxBpweaVcPevC2l3KpjYCx3NypQQgaJg==}
    engines: {node: '>= 0.8', npm: 1.2.8000 || >= 1.4.16}
    dev: false

  /discord-api-types@0.37.50:
    resolution: {integrity: sha512-X4CDiMnDbA3s3RaUXWXmgAIbY1uxab3fqe3qwzg5XutR3wjqi7M3IkgQbsIBzpqBN2YWr/Qdv7JrFRqSgb4TFg==}
    dev: false

  /discord-api-types@0.37.56:
    resolution: {integrity: sha512-Ih3wj0ZTaQxaJRqUEXHMIXfXB86bwMGC0wc2nNsyCJqeo3lC4qnxXtFIsC+IGI46+dSIinuayCAZ6sLEEM02Bw==}
    dev: false

  /discord-hybrid-sharding@2.1.3:
    resolution: {integrity: sha512-yPBjhvPpV1k+iOGUgohVhtQFpIHuspbq/wFa+VoGDqyujjjsZImDq2TXsBclnThDfMrsSIE47uf2aLMhm8QqBA==}
    dependencies:
      node-fetch: 2.7.0
    transitivePeerDependencies:
      - encoding
    dev: false

  /discord.js@14.13.0:
    resolution: {integrity: sha512-Kufdvg7fpyTEwANGy9x7i4od4yu5c6gVddGi5CKm4Y5a6sF0VBODObI3o0Bh7TGCj0LfNT8Qp8z04wnLFzgnbA==}
    engines: {node: '>=16.11.0'}
    dependencies:
      '@discordjs/builders': 1.6.5
      '@discordjs/collection': 1.5.3
      '@discordjs/formatters': 0.3.2
      '@discordjs/rest': 2.0.1
      '@discordjs/util': 1.0.1
      '@discordjs/ws': 1.0.1
      '@sapphire/snowflake': 3.5.1
      '@types/ws': 8.5.5
      discord-api-types: 0.37.50
      fast-deep-equal: 3.1.3
      lodash.snakecase: 4.1.1
      tslib: 2.6.2
      undici: 5.22.1
      ws: 8.14.1
    transitivePeerDependencies:
      - bufferutil
      - utf-8-validate
    dev: false

  /dotenv@16.3.1:
    resolution: {integrity: sha512-IPzF4w4/Rd94bA9imS68tZBaYyBWSCE47V1RGuMrB94iyTOIEwRmVL2x/4An+6mETpLrKJ5hQkB8W4kFAadeIQ==}
    engines: {node: '>=12'}
    dev: false

  /ee-first@1.1.1:
    resolution: {integrity: sha512-WMwm9LhRUo+WUaRN+vRuETqG89IgZphVSNkdFgeb6sS/E4OrDIN7t48CAewSHXc6C8lefD8KKfr5vY61brQlow==}
    dev: false

  /encodeurl@1.0.2:
    resolution: {integrity: sha512-TPJXq8JqFaVYm2CWmPvnP2Iyo4ZSM7/QKcSmuMLDObfpH5fi7RUGmd/rTDf+rut/saiDiQEeVTNgAmJEdAOx0w==}
    engines: {node: '>= 0.8'}
    dev: false

  /escape-html@1.0.3:
    resolution: {integrity: sha512-NiSupZ4OeuGwr68lGIeym/ksIZMJodUGOSCZ/FSnTxcrekbvqrgdUxlJOMpijaKZVjAJrWrGs/6Jy8OMuyj9ow==}
    dev: false

  /etag@1.8.1:
    resolution: {integrity: sha512-aIL5Fx7mawVa300al2BnEE4iNvo1qETxLrPI/o05L7z6go7fCw1J6EQmbK4FmJ2AS7kgVF/KEZWufBfdClMcPg==}
    engines: {node: '>= 0.6'}
    dev: false

  /express@4.18.2:
    resolution: {integrity: sha512-5/PsL6iGPdfQ/lKM1UuielYgv3BUoJfz1aUwU9vHZ+J7gyvwdQXFEBIEIaxeGf0GIcreATNyBExtalisDbuMqQ==}
    engines: {node: '>= 0.10.0'}
    dependencies:
      accepts: 1.3.8
      array-flatten: 1.1.1
      body-parser: 1.20.1
      content-disposition: 0.5.4
      content-type: 1.0.5
      cookie: 0.5.0
      cookie-signature: 1.0.6
      debug: 2.6.9
      depd: 2.0.0
      encodeurl: 1.0.2
      escape-html: 1.0.3
      etag: 1.8.1
      finalhandler: 1.2.0
      fresh: 0.5.2
      http-errors: 2.0.0
      merge-descriptors: 1.0.1
      methods: 1.1.2
      on-finished: 2.4.1
      parseurl: 1.3.3
      path-to-regexp: 0.1.7
      proxy-addr: 2.0.7
      qs: 6.11.0
      range-parser: 1.2.1
      safe-buffer: 5.2.1
      send: 0.18.0
      serve-static: 1.15.0
      setprototypeof: 1.2.0
      statuses: 2.0.1
      type-is: 1.6.18
      utils-merge: 1.0.1
      vary: 1.1.2
    transitivePeerDependencies:
      - supports-color
    dev: false

  /fast-deep-equal@3.1.3:
    resolution: {integrity: sha512-f3qQ9oQy9j2AhBe/H9VC91wLmKBCCU/gDOnKNAYG5hswO7BLKj09Hc5HYNz9cGI++xlpDCIgDaitVs03ATR84Q==}
    dev: false

  /fill-range@7.0.1:
    resolution: {integrity: sha512-qOo9F+dMUmC2Lcb4BbVvnKJxTPjCm+RRpe4gDuGrzkL7mEVl/djYSu2OdQ2Pa302N4oqkSg9ir6jaLWJ2USVpQ==}
    engines: {node: '>=8'}
    dependencies:
      to-regex-range: 5.0.1
    dev: true

  /finalhandler@1.2.0:
    resolution: {integrity: sha512-5uXcUVftlQMFnWC9qu/svkWv3GTd2PfUhK/3PLkYNAe7FbqJMt3515HaxE6eRL74GdsriiwujiawdaB1BpEISg==}
    engines: {node: '>= 0.8'}
    dependencies:
      debug: 2.6.9
      encodeurl: 1.0.2
      escape-html: 1.0.3
      on-finished: 2.4.1
      parseurl: 1.3.3
      statuses: 2.0.1
      unpipe: 1.0.0
    transitivePeerDependencies:
      - supports-color
    dev: false

  /follow-redirects@1.15.2:
    resolution: {integrity: sha512-VQLG33o04KaQ8uYi2tVNbdrWp1QWxNNea+nmIB4EVM28v0hmP17z7aG1+wAkNzVq4KeXTq3221ye5qTJP91JwA==}
    engines: {node: '>=4.0'}
    peerDependencies:
      debug: '*'
    peerDependenciesMeta:
      debug:
        optional: true
    dev: false

  /form-data@4.0.0:
    resolution: {integrity: sha512-ETEklSGi5t0QMZuiXoA/Q6vcnxcLQP5vdugSpuAyi6SVGi2clPPp+xgEhuMaHC+zGgn31Kd235W35f7Hykkaww==}
    engines: {node: '>= 6'}
    dependencies:
      asynckit: 0.4.0
      combined-stream: 1.0.8
      mime-types: 2.1.35
    dev: false

  /forwarded@0.2.0:
    resolution: {integrity: sha512-buRG0fpBtRHSTCOASe6hD258tEubFoRLb4ZNA6NxMVHNw2gOcwHo9wyablzMzOA5z9xA9L1KNjk/Nt6MT9aYow==}
    engines: {node: '>= 0.6'}
    dev: false

  /fresh@0.5.2:
    resolution: {integrity: sha512-zJ2mQYM18rEFOudeV4GShTGIQ7RbzA7ozbU9I/XBpm7kqgMywgmylMwXHxZJmkVoYkna9d2pVXVXPdYTP9ej8Q==}
    engines: {node: '>= 0.6'}
    dev: false

  /fsevents@2.3.3:
    resolution: {integrity: sha512-5xoDfX+fL7faATnagmWPpbFtwh/R77WmMMqqHGS65C3vvB0YHrgF+B1YmZ3441tMj5n63k0212XNoJwzlhffQw==}
    engines: {node: ^8.16.0 || ^10.6.0 || >=11.0.0}
    os: [darwin]
    requiresBuild: true
    dev: true
    optional: true

  /function-bind@1.1.1:
    resolution: {integrity: sha512-yIovAzMX49sF8Yl58fSCWJ5svSLuaibPxXQJFLmBObTuCr0Mf1KiPopGM9NiFjiYBCbfaa2Fh6breQ6ANVTI0A==}
    dev: false

  /get-intrinsic@1.2.1:
    resolution: {integrity: sha512-2DcsyfABl+gVHEfCOaTrWgyt+tb6MSEGmKq+kI5HwLbIYgjgmMcV8KQ41uaKz1xxUcn9tJtgFbQUEVcEbd0FYw==}
    dependencies:
      function-bind: 1.1.1
      has: 1.0.3
      has-proto: 1.0.1
      has-symbols: 1.0.3
    dev: false

  /glob-parent@5.1.2:
    resolution: {integrity: sha512-AOIgSQCepiJYwP3ARnGx+5VnTu2HBYdzbGP45eLw1vr3zB3vZLeyed1sC9hnbcOc9/SrMyM5RPQrkGz4aS9Zow==}
    engines: {node: '>= 6'}
    dependencies:
      is-glob: 4.0.3
    dev: true

  /has-flag@3.0.0:
    resolution: {integrity: sha512-sKJf1+ceQBr4SMkvQnBDNDtf4TXpVhVGateu0t918bl30FnbE2m4vNLX+VWe/dpjlb+HugGYzW7uQXH98HPEYw==}
    engines: {node: '>=4'}
    dev: true

  /has-proto@1.0.1:
    resolution: {integrity: sha512-7qE+iP+O+bgF9clE5+UoBFzE65mlBiVj3tKCrlNQ0Ogwm0BjpT/gK4SlLYDMybDh5I3TCTKnPPa0oMG7JDYrhg==}
    engines: {node: '>= 0.4'}
    dev: false

  /has-symbols@1.0.3:
    resolution: {integrity: sha512-l3LCuF6MgDNwTDKkdYGEihYjt5pRPbEg46rtlmnSPlUbgmB8LOIrKJbYYFBSbnPaJexMKtiPO8hmeRjRz2Td+A==}
    engines: {node: '>= 0.4'}
    dev: false

  /has@1.0.3:
    resolution: {integrity: sha512-f2dvO0VU6Oej7RkWJGrehjbzMAjFp5/VKPp5tTpWIV4JHHZK1/BxbFRtf/siA2SWTe09caDmVtYYzWEIbBS4zw==}
    engines: {node: '>= 0.4.0'}
    dependencies:
      function-bind: 1.1.1
    dev: false

  /http-errors@2.0.0:
    resolution: {integrity: sha512-FtwrG/euBzaEjYeRqOgly7G0qviiXoJWnvEH2Z1plBdXgbyjv34pHTSb9zoeHMyDy33+DWy5Wt9Wo+TURtOYSQ==}
    engines: {node: '>= 0.8'}
    dependencies:
      depd: 2.0.0
      inherits: 2.0.4
      setprototypeof: 1.2.0
      statuses: 2.0.1
      toidentifier: 1.0.1
    dev: false

  /https-proxy-agent@5.0.1:
    resolution: {integrity: sha512-dFcAjpTQFgoLMzC2VwU+C/CbS7uRL0lWmxDITmqm7C+7F0Odmj6s9l6alZc6AELXhrnggM2CeWSXHGOdX2YtwA==}
    engines: {node: '>= 6'}
    dependencies:
      agent-base: 6.0.2
      debug: 4.3.4
    transitivePeerDependencies:
      - supports-color
    dev: false

  /iconv-lite@0.4.24:
    resolution: {integrity: sha512-v3MXnZAcvnywkTUEZomIActle7RXXeedOR31wwl7VlyoXO4Qi9arvSenNQWne1TcRwhCL1HwLI21bEqdpj8/rA==}
    engines: {node: '>=0.10.0'}
    dependencies:
      safer-buffer: 2.1.2
    dev: false

  /ignore-by-default@1.0.1:
    resolution: {integrity: sha512-Ius2VYcGNk7T90CppJqcIkS5ooHUZyIQK+ClZfMfMNFEF9VSE73Fq+906u/CWu92x4gzZMWOwfFYckPObzdEbA==}
    dev: true

  /inherits@2.0.4:
    resolution: {integrity: sha512-k/vGaX4/Yla3WzyMCvTQOXYeIHvqOKtnqBduzTHpzpQZzAskKMhZ2K+EnBiSM9zGSoIFeMpXKxa4dYeZIQqewQ==}
    dev: false

  /ip@2.0.0:
    resolution: {integrity: sha512-WKa+XuLG1A1R0UWhl2+1XQSi+fZWMsYKffMZTTYsiZaUD8k2yDAj5atimTUD2TZkyCkNEeYE5NhFZmupOGtjYQ==}
    dev: false

  /ipaddr.js@1.9.1:
    resolution: {integrity: sha512-0KI/607xoxSToH7GjN1FfSbLoU0+btTicjsQSWQlh/hZykN8KpmMf7uYwPW3R+akZ6R/w18ZlXSHBYXiYUPO3g==}
    engines: {node: '>= 0.10'}
    dev: false

  /is-binary-path@2.1.0:
    resolution: {integrity: sha512-ZMERYes6pDydyuGidse7OsHxtbI7WVeUEozgR/g7rd0xUimYNlvZRE/K2MgZTjWy725IfelLeVcEM97mmtRGXw==}
    engines: {node: '>=8'}
    dependencies:
      binary-extensions: 2.2.0
    dev: true

  /is-extglob@2.1.1:
    resolution: {integrity: sha512-SbKbANkN603Vi4jEZv49LeVJMn4yGwsbzZworEoyEiutsN3nJYdbO36zfhGJ6QEDpOZIFkDtnq5JRxmvl3jsoQ==}
    engines: {node: '>=0.10.0'}
    dev: true

  /is-glob@4.0.3:
    resolution: {integrity: sha512-xelSayHH36ZgE7ZWhli7pW34hNbNl8Ojv5KVmkJD4hBdD3th8Tfk9vYasLM+mXWOZhFkgZfxhLSnrwRr4elSSg==}
    engines: {node: '>=0.10.0'}
    dependencies:
      is-extglob: 2.1.1
    dev: true

  /is-number@7.0.0:
    resolution: {integrity: sha512-41Cifkg6e8TylSpdtTpeLVMqvSBEVzTttHvERD741+pnZ8ANv0004MRL43QKPDlK9cGvNp6NZWZUBlbGXYxxng==}
    engines: {node: '>=0.12.0'}
    dev: true

  /javascript-stringify@2.1.0:
    resolution: {integrity: sha512-JVAfqNPTvNq3sB/VHQJAFxN/sPgKnsKrCwyRt15zwNCdrMMJDdcEOdubuy+DuJYYdm0ox1J4uzEuYKkN+9yhVg==}
    dev: false

  /kareem@2.5.1:
    resolution: {integrity: sha512-7jFxRVm+jD+rkq3kY0iZDJfsO2/t4BBPeEb2qKn2lR/9KhuksYk5hxzfRYWMPV8P/x2d0kHD306YyWLzjjH+uA==}
    engines: {node: '>=12.0.0'}
    dev: false

  /lodash.snakecase@4.1.1:
    resolution: {integrity: sha512-QZ1d4xoBHYUeuouhEq3lk3Uq7ldgyFXGBhg04+oRLnIz8o9T65Eh+8YdroUwn846zchkA9yDsDl5CVVaV2nqYw==}
    dev: false

  /lodash@4.17.21:
    resolution: {integrity: sha512-v2kDEe57lecTulaDIuNTPy3Ry4gLGJ6Z1O3vE1krgXZNrsQ+LFTGHVxVjcXPs17LhbZVGedAJv8XZ1tvj5FvSg==}
    dev: false

  /lru-cache@6.0.0:
    resolution: {integrity: sha512-Jo6dJ04CmSjuznwJSS3pUeWmd/H0ffTlkXXgwZi+eq1UCmqQwCh+eLsYOYCwY991i2Fah4h1BEMCx4qThGbsiA==}
    engines: {node: '>=10'}
    dependencies:
      yallist: 4.0.0
    dev: true

  /lru_map@0.3.3:
    resolution: {integrity: sha512-Pn9cox5CsMYngeDbmChANltQl+5pi6XmTrraMSzhPmMBbmgcxmqWry0U3PGapCU1yB4/LqCcom7qhHZiF/jGfQ==}
    dev: false

  /luxon@3.3.0:
    resolution: {integrity: sha512-An0UCfG/rSiqtAIiBPO0Y9/zAnHUZxAMiCpTd5h2smgsj7GGmcenvrvww2cqNA8/4A5ZrD1gJpHN2mIHZQF+Mg==}
    engines: {node: '>=12'}
    dev: false

  /magic-bytes.js@1.0.17:
    resolution: {integrity: sha512-PEDpPzHpKe5AxkVmQrNPHFRvPN2ELkkj3eIg4IZO9JdhBiAY3aU53lgYXs9j8B7lpza+QiW0UA4QHCH7EskSeg==}
    dev: false

  /media-typer@0.3.0:
    resolution: {integrity: sha512-dq+qelQ9akHpcOl/gUVRTxVIOkAJ1wR3QAvb4RsVjS8oVoFjDGTc679wJYmUmknUF5HwMLOgb5O+a3KxfWapPQ==}
    engines: {node: '>= 0.6'}
    dev: false

  /memory-pager@1.5.0:
    resolution: {integrity: sha512-ZS4Bp4r/Zoeq6+NLJpP+0Zzm0pR8whtGPf1XExKLJBAczGMnSi3It14OiNCStjQjM6NU1okjQGSxgEZN8eBYKg==}
    dev: false
    optional: true

  /merge-descriptors@1.0.1:
    resolution: {integrity: sha512-cCi6g3/Zr1iqQi6ySbseM1Xvooa98N0w31jzUYrXPX2xqObmFGHJ0tQ5u74H3mVh7wLouTseZyYIq39g8cNp1w==}
    dev: false

  /methods@1.1.2:
    resolution: {integrity: sha512-iclAHeNqNm68zFtnZ0e+1L2yUIdvzNoauKU4WBA3VvH/vPFieF7qfRlwUZU+DA9P9bPXIS90ulxoUoCH23sV2w==}
    engines: {node: '>= 0.6'}
    dev: false

  /mime-db@1.52.0:
    resolution: {integrity: sha512-sPU4uV7dYlvtWJxwwxHD0PuihVNiE7TyAbQ5SWxDCB9mUYvOgroQOwYQQOKPJ8CIbE+1ETVlOoK1UC2nU3gYvg==}
    engines: {node: '>= 0.6'}
    dev: false

  /mime-types@2.1.35:
    resolution: {integrity: sha512-ZDY+bPm5zTTF+YpCrAU9nK0UgICYPT0QtT1NZWFv4s++TNkcgVaT0g6+4R2uI4MjQjzysHB1zxuWL50hzaeXiw==}
    engines: {node: '>= 0.6'}
    dependencies:
      mime-db: 1.52.0
    dev: false

  /mime@1.6.0:
    resolution: {integrity: sha512-x0Vn8spI+wuJ1O6S7gnbaQg8Pxh4NNHb7KSINmEWKiPE4RKOplvijn+NkmYmmRgP68mc70j2EbeTFRsrswaQeg==}
    engines: {node: '>=4'}
    hasBin: true
    dev: false

  /minimatch@3.1.2:
    resolution: {integrity: sha512-J7p63hRiAjw1NDEww1W7i37+ByIrOWO5XQQAzZ3VOcL0PNybwpfmV/N05zFAzwQ9USyEcX6t3UO+K5aqBQOIHw==}
    dependencies:
      brace-expansion: 1.1.11
    dev: true

  /moment-timezone@0.5.43:
    resolution: {integrity: sha512-72j3aNyuIsDxdF1i7CEgV2FfxM1r6aaqJyLB2vwb33mXYyoyLly+F1zbWqhA3/bVIoJ4szlUoMbUnVdid32NUQ==}
    dependencies:
      moment: 2.29.4
    dev: false

  /moment@2.29.4:
    resolution: {integrity: sha512-5LC9SOxjSc2HF6vO2CyuTDNivEdoz2IvyJJGj6X8DJ0eFyfszE0QiEd+iXmBvUP3WHxSjFH/vIsA0EN00cgr8w==}
    dev: false

  /mongodb-connection-string-url@2.6.0:
    resolution: {integrity: sha512-WvTZlI9ab0QYtTYnuMLgobULWhokRjtC7db9LtcVfJ+Hsnyr5eo6ZtNAt3Ly24XZScGMelOcGtm7lSn0332tPQ==}
    dependencies:
      '@types/whatwg-url': 8.2.2
      whatwg-url: 11.0.0
    dev: false

  /mongodb@5.8.1:
    resolution: {integrity: sha512-wKyh4kZvm6NrCPH8AxyzXm3JBoEf4Xulo0aUWh3hCgwgYJxyQ1KLST86ZZaSWdj6/kxYUA3+YZuyADCE61CMSg==}
    engines: {node: '>=14.20.1'}
    peerDependencies:
      '@aws-sdk/credential-providers': ^3.188.0
      '@mongodb-js/zstd': ^1.0.0
      kerberos: ^1.0.0 || ^2.0.0
      mongodb-client-encryption: '>=2.3.0 <3'
      snappy: ^7.2.2
    peerDependenciesMeta:
      '@aws-sdk/credential-providers':
        optional: true
      '@mongodb-js/zstd':
        optional: true
      kerberos:
        optional: true
      mongodb-client-encryption:
        optional: true
      snappy:
        optional: true
    dependencies:
      bson: 5.5.0
      mongodb-connection-string-url: 2.6.0
      socks: 2.7.1
    optionalDependencies:
      '@mongodb-js/saslprep': 1.1.0
    dev: false

  /mongoose@7.5.1:
    resolution: {integrity: sha512-gJCkUtW3KgAu7Uf8HTVv+S3wf9+xldR5LFYM6mABJJQHQB0aWUGyC3bWsl2X/6dVHZSoQq3wh5UV7rWC4FrewA==}
    engines: {node: '>=14.20.1'}
    dependencies:
      bson: 5.5.0
      kareem: 2.5.1
      mongodb: 5.8.1
      mpath: 0.9.0
      mquery: 5.0.0
      ms: 2.1.3
      sift: 16.0.1
    transitivePeerDependencies:
      - '@aws-sdk/credential-providers'
      - '@mongodb-js/zstd'
      - kerberos
      - mongodb-client-encryption
      - snappy
      - supports-color
    dev: false

  /mpath@0.9.0:
    resolution: {integrity: sha512-ikJRQTk8hw5DEoFVxHG1Gn9T/xcjtdnOKIU1JTmGjZZlg9LST2mBLmcX3/ICIbgJydT2GOc15RnNy5mHmzfSew==}
    engines: {node: '>=4.0.0'}
    dev: false

  /mquery@5.0.0:
    resolution: {integrity: sha512-iQMncpmEK8R8ncT8HJGsGc9Dsp8xcgYMVSbs5jgnm1lFHTZqMJTUWTDx1LBO8+mK3tPNZWFLBghQEIOULSTHZg==}
    engines: {node: '>=14.0.0'}
    dependencies:
      debug: 4.3.4
    transitivePeerDependencies:
      - supports-color
    dev: false

  /ms@2.0.0:
    resolution: {integrity: sha512-Tpp60P6IUJDTuOq/5Z8cdskzJujfwqfOTkrwIwj7IRISpnkJnT6SyJ4PCPnGMoFjC9ddhal5KVIYtAt97ix05A==}
    dev: false

  /ms@2.1.2:
    resolution: {integrity: sha512-sGkPx+VjMtmA6MX27oA4FBFELFCZZ4S4XqeGOXCv68tT+jb3vk/RyaKWP0PTKyWtmLSM0b+adUTEvbs1PEaH2w==}
    dev: false

  /ms@2.1.3:
    resolution: {integrity: sha512-6FlzubTLZG3J2a/NVCAleEhjzq5oxgHyaCU9yYXvcLsvoVaHJq/s5xXI6/XXP6tz7R9xAOtHnSO/tXtF3WRTlA==}

  /negotiator@0.6.3:
    resolution: {integrity: sha512-+EUsqGPLsM+j/zdChZjsnX51g4XrHFOIXwfnCVPGlQk/k5giakcKsuxCObBRu6DSm9opw/O6slWbJdghQM4bBg==}
    engines: {node: '>= 0.6'}
    dev: false

  /node-fetch@2.7.0:
    resolution: {integrity: sha512-c4FRfUm/dbcWZ7U+1Wq0AwCyFL+3nt2bEw05wfxSz+DWpWsitgmSgYmy2dQdWyKC1694ELPqMs/YzUSNozLt8A==}
    engines: {node: 4.x || >=6.0.0}
    peerDependencies:
      encoding: ^0.1.0
    peerDependenciesMeta:
      encoding:
        optional: true
    dependencies:
      whatwg-url: 5.0.0
    dev: false

  /nodemon@3.0.1:
    resolution: {integrity: sha512-g9AZ7HmkhQkqXkRc20w+ZfQ73cHLbE8hnPbtaFbFtCumZsjyMhKk9LajQ07U5Ux28lvFjZ5X7HvWR1xzU8jHVw==}
    engines: {node: '>=10'}
    hasBin: true
    dependencies:
      chokidar: 3.5.3
      debug: 3.2.7(supports-color@5.5.0)
      ignore-by-default: 1.0.1
      minimatch: 3.1.2
      pstree.remy: 1.1.8
      semver: 7.5.4
      simple-update-notifier: 2.0.0
      supports-color: 5.5.0
      touch: 3.1.0
      undefsafe: 2.0.5
    dev: true

  /nopt@1.0.10:
    resolution: {integrity: sha512-NWmpvLSqUrgrAC9HCuxEvb+PSloHpqVu+FqcO4eeF2h5qYRhA7ev6KvelyQAKtegUbC6RypJnlEOhd8vloNKYg==}
    hasBin: true
    dependencies:
      abbrev: 1.1.1
    dev: true

  /normalize-path@3.0.0:
    resolution: {integrity: sha512-6eZs5Ls3WtCisHWp9S2GUy8dqkpGi4BVSz3GaqiE6ezub0512ESztXUwUB6C6IKbQkY2Pnb/mD4WYojCRwcwLA==}
    engines: {node: '>=0.10.0'}
    dev: true

  /object-inspect@1.12.3:
    resolution: {integrity: sha512-geUvdk7c+eizMNUDkRpW1wJwgfOiOeHbxBR/hLXK1aT6zmVSO0jsQcs7fj6MGw89jC/cjGfLcNOrtMYtGqm81g==}
    dev: false

  /on-finished@2.4.1:
    resolution: {integrity: sha512-oVlzkg3ENAhCk2zdv7IJwd/QUD4z2RxRwpkcGY8psCVcCYZNq4wYnVWALHM+brtuJjePWiYF/ClmuDr8Ch5+kg==}
    engines: {node: '>= 0.8'}
    dependencies:
      ee-first: 1.1.1
    dev: false

  /parseurl@1.3.3:
    resolution: {integrity: sha512-CiyeOxFT/JZyN5m0z9PfXw4SCBJ6Sygz1Dpl0wqjlhDEGGBP1GnsUVEL0p63hoG1fcj3fHynXi9NYO4nWOL+qQ==}
    engines: {node: '>= 0.8'}
    dev: false

  /path-to-regexp@0.1.7:
    resolution: {integrity: sha512-5DFkuoqlv1uYQKxy8omFBeJPQcdoE07Kv2sferDCrAq1ohOU+MSDswDIbnx3YAM60qIOnYa53wBhXW0EbMonrQ==}
    dev: false

  /picomatch@2.3.1:
    resolution: {integrity: sha512-JU3teHTNjmE2VCGFzuY8EXzCDVwEqB2a8fsIvwaStHhAWJEeVd1o1QD80CU6+ZdEXXSLbSsuLwJjkCBWqRQUVA==}
    engines: {node: '>=8.6'}
    dev: true

  /prettier@3.0.3:
    resolution: {integrity: sha512-L/4pUDMxcNa8R/EthV08Zt42WBO4h1rarVtK0K+QJG0X187OLo7l699jWw0GKuwzkPQ//jMFA/8Xm6Fh3J/DAg==}
    engines: {node: '>=14'}
    hasBin: true
    dev: true

  /profanity-check@0.0.3:
    resolution: {integrity: sha512-WeghF2hl1eO/Y6hnfiL8NAsdLbeh2ZrWccb5N+JuUjRzBC3CAIAkCBdJXwOg9ICOCdwzhq61aGnev7eUhJcnzg==}
    engines: {node: '>=10'}
    dev: false

  /proxy-addr@2.0.7:
    resolution: {integrity: sha512-llQsMLSUDUPT44jdrU/O37qlnifitDP+ZwrmmZcoSKyLKvtZxpyV0n2/bD/N4tBAAZ/gJEdZU7KMraoK1+XYAg==}
    engines: {node: '>= 0.10'}
    dependencies:
      forwarded: 0.2.0
      ipaddr.js: 1.9.1
    dev: false

  /proxy-from-env@1.1.0:
    resolution: {integrity: sha512-D+zkORCbA9f1tdWRK0RaCR3GPv50cMxcrz4X8k5LTSUD1Dkw47mKJEZQNunItRTkWwgtaUSo1RVFRIG9ZXiFYg==}
    dev: false

  /pstree.remy@1.1.8:
    resolution: {integrity: sha512-77DZwxQmxKnu3aR542U+X8FypNzbfJ+C5XQDk3uWjWxn6151aIMGthWYRXTqT1E5oJvg+ljaa2OJi+VfvCOQ8w==}
    dev: true

  /punycode@2.3.0:
    resolution: {integrity: sha512-rRV+zQD8tVFys26lAGR9WUuS4iUAngJScM+ZRSKtvl5tKeZ2t5bvdNFdNHBW9FWR4guGHlgmsZ1G7BSm2wTbuA==}
    engines: {node: '>=6'}
    dev: false

  /qs@6.11.0:
    resolution: {integrity: sha512-MvjoMCJwEarSbUYk5O+nmoSzSutSsTwF85zcHPQ9OrlFoZOYIjaqBAJIqIXjptyD5vThxGq52Xu/MaJzRkIk4Q==}
    engines: {node: '>=0.6'}
    dependencies:
      side-channel: 1.0.4
    dev: false

  /quickchart-js@3.1.3:
    resolution: {integrity: sha512-QzPUXBA/UntYBbOMITtMz7B426fes1XFmmjmjA070jXeMWhyhDojJf2aSZPsekj35ywfJhWjY6TKf3S0/XxyAg==}
    dependencies:
      cross-fetch: 3.1.8
      javascript-stringify: 2.1.0
    transitivePeerDependencies:
      - encoding
    dev: false

  /range-parser@1.2.1:
    resolution: {integrity: sha512-Hrgsx+orqoygnmhFbKaHE6c296J+HTAQXoxEF6gNupROmmGJRoyzfG3ccAveqCBrwr/2yxQ5BVd/GTl5agOwSg==}
    engines: {node: '>= 0.6'}
    dev: false

  /raw-body@2.5.1:
    resolution: {integrity: sha512-qqJBtEyVgS0ZmPGdCFPWJ3FreoqvG4MVQln/kCgF7Olq95IbOp0/BWyMwbdtn4VTvkM8Y7khCQ2Xgk/tcrCXig==}
    engines: {node: '>= 0.8'}
    dependencies:
      bytes: 3.1.2
      http-errors: 2.0.0
      iconv-lite: 0.4.24
      unpipe: 1.0.0
    dev: false

  /raw-body@2.5.2:
    resolution: {integrity: sha512-8zGqypfENjCIqGhgXToC8aB2r7YrBX+AQAfIPs/Mlk+BtPTztOvTS01NRW/3Eh60J+a48lt8qsCzirQ6loCVfA==}
    engines: {node: '>= 0.8'}
    dependencies:
      bytes: 3.1.2
      http-errors: 2.0.0
      iconv-lite: 0.4.24
      unpipe: 1.0.0
    dev: false

  /readdirp@3.6.0:
    resolution: {integrity: sha512-hOS089on8RduqdbhvQ5Z37A0ESjsqz6qnRcffsMU3495FuTdqSm+7bhJ29JvIOsBDEEnan5DPu9t3To9VRlMzA==}
    engines: {node: '>=8.10.0'}
    dependencies:
      picomatch: 2.3.1
    dev: true

  /safe-buffer@5.2.1:
    resolution: {integrity: sha512-rp3So07KcdmmKbGvgaNxQSJr7bGVSVk5S9Eq1F+ppbRo70+YeaDxkw5Dd8NPN+GD6bjnYm2VuPuCXmpuYvmCXQ==}
    dev: false

  /safer-buffer@2.1.2:
    resolution: {integrity: sha512-YZo3K82SD7Riyi0E1EQPojLz7kpepnSQI9IyPbHHg1XXXevb5dJI7tpyN2ADxGcQbHG7vcyRHk0cbwqcQriUtg==}
    dev: false

  /semver@7.5.4:
    resolution: {integrity: sha512-1bCSESV6Pv+i21Hvpxp3Dx+pSD8lIPt8uVjRrxAUt/nbswYc+tK6Y2btiULjd4+fnq15PX+nqQDC7Oft7WkwcA==}
    engines: {node: '>=10'}
    hasBin: true
    dependencies:
      lru-cache: 6.0.0
    dev: true

  /send@0.18.0:
    resolution: {integrity: sha512-qqWzuOjSFOuqPjFe4NOsMLafToQQwBSOEpS+FwEt3A2V3vKubTquT3vmLTQpFgMXp8AlFWFuP1qKaJZOtPpVXg==}
    engines: {node: '>= 0.8.0'}
    dependencies:
      debug: 2.6.9
      depd: 2.0.0
      destroy: 1.2.0
      encodeurl: 1.0.2
      escape-html: 1.0.3
      etag: 1.8.1
      fresh: 0.5.2
      http-errors: 2.0.0
      mime: 1.6.0
      ms: 2.1.3
      on-finished: 2.4.1
      range-parser: 1.2.1
      statuses: 2.0.1
    transitivePeerDependencies:
      - supports-color
    dev: false

  /serve-static@1.15.0:
    resolution: {integrity: sha512-XGuRDNjXUijsUL0vl6nSD7cwURuzEgglbOaFuZM9g3kwDXOWVTck0jLzjPzGD+TazWbboZYu52/9/XPdUgne9g==}
    engines: {node: '>= 0.8.0'}
    dependencies:
      encodeurl: 1.0.2
      escape-html: 1.0.3
      parseurl: 1.3.3
      send: 0.18.0
    transitivePeerDependencies:
      - supports-color
    dev: false

  /setprototypeof@1.2.0:
    resolution: {integrity: sha512-E5LDX7Wrp85Kil5bhZv46j8jOeboKq5JMmYM3gVGdGH8xFpPWXUMsNrlODCrkoxMEeNi/XZIwuRvY4XNwYMJpw==}
    dev: false

  /side-channel@1.0.4:
    resolution: {integrity: sha512-q5XPytqFEIKHkGdiMIrY10mvLRvnQh42/+GoBlFW3b2LXLE2xxJpZFdm94we0BaoV3RwJyGqg5wS7epxTv0Zvw==}
    dependencies:
      call-bind: 1.0.2
      get-intrinsic: 1.2.1
      object-inspect: 1.12.3
    dev: false

  /sift@16.0.1:
    resolution: {integrity: sha512-Wv6BjQ5zbhW7VFefWusVP33T/EM0vYikCaQ2qR8yULbsilAT8/wQaXvuQ3ptGLpoKx+lihJE3y2UTgKDyyNHZQ==}
    dev: false

  /simple-update-notifier@2.0.0:
    resolution: {integrity: sha512-a2B9Y0KlNXl9u/vsW6sTIu9vGEpfKu2wRV6l1H3XEas/0gUIzGzBoP/IouTcUQbm9JWZLH3COxyn03TYlFax6w==}
    engines: {node: '>=10'}
    dependencies:
      semver: 7.5.4
    dev: true

  /smart-buffer@4.2.0:
    resolution: {integrity: sha512-94hK0Hh8rPqQl2xXc3HsaBoOXKV20MToPkcXvwbISWLEs+64sBq5kFgn2kJDHb1Pry9yrP0dxrCI9RRci7RXKg==}
    engines: {node: '>= 6.0.0', npm: '>= 3.0.0'}
    dev: false

  /socks@2.7.1:
    resolution: {integrity: sha512-7maUZy1N7uo6+WVEX6psASxtNlKaNVMlGQKkG/63nEDdLOWNbiUMoLK7X4uYoLhQstau72mLgfEWcXcwsaHbYQ==}
    engines: {node: '>= 10.13.0', npm: '>= 3.0.0'}
    dependencies:
      ip: 2.0.0
      smart-buffer: 4.2.0
    dev: false

  /sparse-bitfield@3.0.3:
    resolution: {integrity: sha512-kvzhi7vqKTfkh0PZU+2D2PIllw2ymqJKujUcyPMd9Y75Nv4nPbGJZXNhxsgdQab2BmlDct1YnfQCguEvHr7VsQ==}
    dependencies:
      memory-pager: 1.5.0
    dev: false
    optional: true

  /statuses@2.0.1:
    resolution: {integrity: sha512-RwNA9Z/7PrK06rYLIzFMlaF+l73iwpzsqRIFgbMLbTcLD6cOao82TaWefPXQvB2fOC4AjuYSEndS7N/mTCbkdQ==}
    engines: {node: '>= 0.8'}
    dev: false

  /streamsearch@1.1.0:
    resolution: {integrity: sha512-Mcc5wHehp9aXz1ax6bZUyY5afg9u2rv5cqQI3mRrYkGC8rW2hM02jWuwjtL++LS5qinSyhj2QfLyNsuc+VsExg==}
    engines: {node: '>=10.0.0'}
    dev: false

  /supports-color@5.5.0:
    resolution: {integrity: sha512-QjVjwdXIt408MIiAqCX4oUKsgU2EqAGzs2Ppkm4aQYbjm+ZEWEcW4SfFNTr4uMNZma0ey4f5lgLrkB0aX0QMow==}
    engines: {node: '>=4'}
    dependencies:
      has-flag: 3.0.0
    dev: true

  /to-regex-range@5.0.1:
    resolution: {integrity: sha512-65P7iz6X5yEr1cwcgvQxbbIw7Uk3gOy5dIdtZ4rDveLqhrdJP+Li/Hx6tyK0NEb+2GCyneCMJiGqrADCSNk8sQ==}
    engines: {node: '>=8.0'}
    dependencies:
      is-number: 7.0.0
    dev: true

  /toidentifier@1.0.1:
    resolution: {integrity: sha512-o5sSPKEkg/DIQNmH43V0/uerLrpzVedkUh8tGNvaeXpfpuwjKenlSox/2O/BTlZUtEe+JG7s5YhEz608PlAHRA==}
    engines: {node: '>=0.6'}
    dev: false

  /topgg-autoposter@2.0.1:
    resolution: {integrity: sha512-zoiNqXdcZiTC2C3U1Yz8QI4kibsbKBcSn6Kexf9pKs2RfHgDD3DOhZGUqENkXA7p2yKbk13e1mw5mWGa7Wpyfw==}
    dependencies:
      '@jpbberry/typed-emitter': 1.2.1
      '@top-gg/sdk': 3.1.6
      typescript: 4.9.5
    dev: false

  /touch@3.1.0:
    resolution: {integrity: sha512-WBx8Uy5TLtOSRtIq+M03/sKDrXCLHxwDcquSP2c43Le03/9serjQBIztjRz6FkJez9D/hleyAXTBGLwwZUw9lA==}
    hasBin: true
    dependencies:
      nopt: 1.0.10
    dev: true

  /tr46@0.0.3:
    resolution: {integrity: sha512-N3WMsuqV66lT30CrXNbEjx4GEwlow3v6rr4mCcv6prnfwhS01rkgyFdjPNBYd9br7LpXV1+Emh01fHnq2Gdgrw==}
    dev: false

  /tr46@3.0.0:
    resolution: {integrity: sha512-l7FvfAHlcmulp8kr+flpQZmVwtu7nfRV7NZujtN0OqES8EL4O4e0qqzL0DC5gAvx/ZC/9lk6rhcUwYvkBnBnYA==}
    engines: {node: '>=12'}
    dependencies:
      punycode: 2.3.0
    dev: false

  /ts-mixer@6.0.3:
    resolution: {integrity: sha512-k43M7uCG1AkTyxgnmI5MPwKoUvS/bRvLvUb7+Pgpdlmok8AoqmUaZxUUw8zKM5B1lqZrt41GjYgnvAi0fppqgQ==}
    dev: false

  /tslib@2.6.2:
    resolution: {integrity: sha512-AEYxH93jGFPn/a2iVAwW87VuUIkR1FVUKB77NwMF7nBTDkDrrT/Hpt/IrCJ0QXhW27jTBDcf5ZY7w6RiqTMw2Q==}
    dev: false

  /type-is@1.6.18:
    resolution: {integrity: sha512-TkRKr9sUTxEH8MdfuCSP7VizJyzRNMjj2J2do2Jr3Kym598JVdEksuzPQCnlFPW4ky9Q+iA+ma9BGm06XQBy8g==}
    engines: {node: '>= 0.6'}
    dependencies:
      media-typer: 0.3.0
      mime-types: 2.1.35
    dev: false

  /typescript@4.9.5:
    resolution: {integrity: sha512-1FXk9E2Hm+QzZQ7z+McJiHL4NW1F2EzMu9Nq9i3zAaGqibafqYwCVU6WyWAuyQRRzOlxou8xZSyXLEN8oKj24g==}
    engines: {node: '>=4.2.0'}
    hasBin: true
    dev: false

  /undefsafe@2.0.5:
    resolution: {integrity: sha512-WxONCrssBM8TSPRqN5EmsjVrsv4A8X12J4ArBiiayv3DyyG3ZlIg6yysuuSYdZsVz3TKcTg2fd//Ujd4CHV1iA==}
    dev: true

  /undici@5.22.1:
    resolution: {integrity: sha512-Ji2IJhFXZY0x/0tVBXeQwgPlLWw13GVzpsWPQ3rV50IFMMof2I55PZZxtm4P6iNq+L5znYN9nSTAq0ZyE6lSJw==}
    engines: {node: '>=14.0'}
    dependencies:
      busboy: 1.6.0
    dev: false

  /undici@5.24.0:
    resolution: {integrity: sha512-OKlckxBjFl0oXxcj9FU6oB8fDAaiRUq+D8jrFWGmOfI/gIyjk/IeS75LMzgYKUaeHzLUcYvf9bbJGSrUwTfwwQ==}
    engines: {node: '>=14.0'}
    dependencies:
      busboy: 1.6.0
    dev: false

  /unpipe@1.0.0:
    resolution: {integrity: sha512-pjy2bYhSsufwWlKwPc+l3cN7+wuJlK6uz0YdJEOlQDbl6jo/YlPi4mb8agUkVC8BF7V8NuzeyPNqRksA3hztKQ==}
    engines: {node: '>= 0.8'}
    dev: false

  /utils-merge@1.0.1:
    resolution: {integrity: sha512-pMZTvIkT1d+TFGvDOqodOclx0QWkkgi6Tdoa8gC8ffGAAqz9pzPTZWAybbsHHoED/ztMtkv/VoYTYyShUn81hA==}
    engines: {node: '>= 0.4.0'}
    dev: false

  /uuid@9.0.1:
    resolution: {integrity: sha512-b+1eJOlsR9K8HJpow9Ok3fiWOWSIcIzXodvv0rQjVoOVNpWMpxf1wZNpt4y9h10odCNrqnYp1OBzRktckBe3sA==}
    hasBin: true
    dev: false

  /vary@1.1.2:
    resolution: {integrity: sha512-BNGbWLfd0eUPabhkXUVm0j8uuvREyTh5ovRa/dyow/BqAbZJyC+5fU+IzQOzmAKzYqYRAISoRhdQr3eIZ/PXqg==}
    engines: {node: '>= 0.8'}
    dev: false

  /webidl-conversions@3.0.1:
    resolution: {integrity: sha512-2JAn3z8AR6rjK8Sm8orRC0h/bcl/DqL7tRPdGZ4I1CjdF+EaMLmYxBHyXuKL849eucPFhvBoxMsflfOb8kxaeQ==}
    dev: false

  /webidl-conversions@7.0.0:
    resolution: {integrity: sha512-VwddBukDzu71offAQR975unBIGqfKZpM+8ZX6ySk8nYhVoo5CYaZyzt3YBvYtRtO+aoGlqxPg/B87NGVZ/fu6g==}
    engines: {node: '>=12'}
    dev: false

  /whatwg-url@11.0.0:
    resolution: {integrity: sha512-RKT8HExMpoYx4igMiVMY83lN6UeITKJlBQ+vR/8ZJ8OCdSiN3RwCq+9gH0+Xzj0+5IrM6i4j/6LuvzbZIQgEcQ==}
    engines: {node: '>=12'}
    dependencies:
      tr46: 3.0.0
      webidl-conversions: 7.0.0
    dev: false

  /whatwg-url@5.0.0:
    resolution: {integrity: sha512-saE57nupxk6v3HY35+jzBwYa0rKSy0XR8JSxZPwgLr7ys0IBzhGviA1/TUGJLmSVqs8pb9AnvICXEuOHLprYTw==}
    dependencies:
      tr46: 0.0.3
      webidl-conversions: 3.0.1
    dev: false

  /ws@8.14.1:
    resolution: {integrity: sha512-4OOseMUq8AzRBI/7SLMUwO+FEDnguetSk7KMb1sHwvF2w2Wv5Hoj0nlifx8vtGsftE/jWHojPy8sMMzYLJ2G/A==}
    engines: {node: '>=10.0.0'}
    peerDependencies:
      bufferutil: ^4.0.1
      utf-8-validate: '>=5.0.2'
    peerDependenciesMeta:
      bufferutil:
        optional: true
      utf-8-validate:
        optional: true
    dev: false

  /yallist@4.0.0:
    resolution: {integrity: sha512-3wdGidZyq5PB084XLES5TpOSRA3wjXAlIWMhum2kRcv/41Sn2emQ0dycQW4uZXLejwKvg6EsvbdlVL+FYEct7A==}
    dev: true
